
Microsoft Visual Studio Solution File, Format Version 12.00
# Visual Studio Version 17
VisualStudioVersion = 17.6.33829.357
MinimumVisualStudioVersion = 10.0.40219.1
Project("{FAE04EC0-301F-11D3-BF4B-00C04F79EFBC}") = "DatingApp.API", "DatingApp.API\DatingApp.API.csproj", "{60C4DDF5-8EA9-41DA-B559-FF2AA25516BB}"
EndProject
Global
	GlobalSection(SolutionConfigurationPlatforms) = preSolution
		Debug|Any CPU = Debug|Any CPU
		Release|Any CPU = Release|Any CPU
	EndGlobalSection
	GlobalSection(ProjectConfigurationPlatforms) = postSolution
		{60C4DDF5-8EA9-41DA-B559-FF2AA25516BB}.Debug|Any CPU.ActiveCfg = Debug|Any CPU
		{60C4DDF5-8EA9-41DA-B559-FF2AA25516BB}.Debug|Any CPU.Build.0 = Debug|Any CPU
		{60C4DDF5-8EA9-41DA-B559-FF2AA25516BB}.Release|Any CPU.ActiveCfg = Release|Any CPU
		{60C4DDF5-8EA9-41DA-B559-FF2AA25516BB}.Release|Any CPU.Build.0 = Release|Any CPU
	EndGlobalSection
	GlobalSection(SolutionProperties) = preSolution
		HideSolutionNode = FALSE
	EndGlobalSection
	GlobalSection(ExtensibilityGlobals) = postSolution
		SolutionGuid = {4767764A-1747-4388-915F-4A840F00F36E}
	EndGlobalSection
EndGlobal
